
Microsoft Visual Studio Solution File, Format Version 12.00
# Visual Studio Version 17
VisualStudioVersion = 17.10.35027.167
MinimumVisualStudioVersion = 10.0.40219.1
Project("{9A19103F-16F7-4668-BE54-9A1E7A4F7556}") = "FluentValidationToResult", "src\FluentValidationToResult\FluentValidationToResult.csproj", "{C6B73D7D-BCE5-4645-A5A8-D35C2B5048B5}"
EndProject
Project("{9A19103F-16F7-4668-BE54-9A1E7A4F7556}") = "FluentValidationToResult.UnitTests", "src\FluentValidationToResult.UnitTests\FluentValidationToResult.UnitTests.csproj", "{57A8B8FD-FAAD-4D58-A066-86ECC3167F96}"
EndProject
Project("{9A19103F-16F7-4668-BE54-9A1E7A4F7556}") = "FluentValidationToResult.Samples", "src\FluentValidationToResult.Samples\FluentValidationToResult.Samples.csproj", "{C4A3B742-FA86-43EB-BC96-C5335D31C2B5}"
EndProject
Global
	GlobalSection(SolutionConfigurationPlatforms) = preSolution
		Debug|Any CPU = Debug|Any CPU
		Release|Any CPU = Release|Any CPU
	EndGlobalSection
	GlobalSection(ProjectConfigurationPlatforms) = postSolution
		{C6B73D7D-BCE5-4645-A5A8-D35C2B5048B5}.Debug|Any CPU.ActiveCfg = Debug|Any CPU
		{C6B73D7D-BCE5-4645-A5A8-D35C2B5048B5}.Debug|Any CPU.Build.0 = Debug|Any CPU
		{C6B73D7D-BCE5-4645-A5A8-D35C2B5048B5}.Release|Any CPU.ActiveCfg = Release|Any CPU
		{C6B73D7D-BCE5-4645-A5A8-D35C2B5048B5}.Release|Any CPU.Build.0 = Release|Any CPU
		{57A8B8FD-FAAD-4D58-A066-86ECC3167F96}.Debug|Any CPU.ActiveCfg = Debug|Any CPU
		{57A8B8FD-FAAD-4D58-A066-86ECC3167F96}.Debug|Any CPU.Build.0 = Debug|Any CPU
		{57A8B8FD-FAAD-4D58-A066-86ECC3167F96}.Release|Any CPU.ActiveCfg = Release|Any CPU
		{57A8B8FD-FAAD-4D58-A066-86ECC3167F96}.Release|Any CPU.Build.0 = Release|Any CPU
		{C4A3B742-FA86-43EB-BC96-C5335D31C2B5}.Debug|Any CPU.ActiveCfg = Debug|Any CPU
		{C4A3B742-FA86-43EB-BC96-C5335D31C2B5}.Debug|Any CPU.Build.0 = Debug|Any CPU
		{C4A3B742-FA86-43EB-BC96-C5335D31C2B5}.Release|Any CPU.ActiveCfg = Release|Any CPU
		{C4A3B742-FA86-43EB-BC96-C5335D31C2B5}.Release|Any CPU.Build.0 = Release|Any CPU
	EndGlobalSection
	GlobalSection(SolutionProperties) = preSolution
		HideSolutionNode = FALSE
	EndGlobalSection
	GlobalSection(ExtensibilityGlobals) = postSolution
		SolutionGuid = {CD26CF87-50AA-4DD6-890C-C9C304EEB345}
	EndGlobalSection
EndGlobal
